
Microsoft Visual Studio Solution File, Format Version 12.00
# Visual Studio Version 16
VisualStudioVersion = 16.0.30804.86
MinimumVisualStudioVersion = 10.0.40219.1
Project("{2150E333-8FDC-42A3-9474-1A3956D46DE8}") = "Platforms", "Platforms", "{8BF53884-5FA2-472E-A039-E640B05F1A32}"
EndProject
Project("{FAE04EC0-301F-11D3-BF4B-00C04F79EFBC}") = "Hario.Droid", "Hario\Hario.Droid\Hario.Droid.csproj", "{5C401AA1-C9DD-41BA-BD8C-1F35BE495953}"
EndProject
Project("{FAE04EC0-301F-11D3-BF4B-00C04F79EFBC}") = "Hario.iOS", "Hario\Hario.iOS\Hario.iOS.csproj", "{54CC8D46-F2E0-4F86-B039-AED13E31C14C}"
EndProject
Project("{FAE04EC0-301F-11D3-BF4B-00C04F79EFBC}") = "Hario.UWP", "Hario\Hario.UWP\Hario.UWP.csproj", "{FF625FF0-F298-410F-B8FE-55E9A9195E81}"
EndProject
Project("{9A19103F-16F7-4668-BE54-9A1E7A4F7556}") = "Hario.Wasm", "Hario\Hario.Wasm\Hario.Wasm.csproj", "{18C7395C-CFBD-4377-813B-B29CEFA2E77A}"
EndProject
Project("{FAE04EC0-301F-11D3-BF4B-00C04F79EFBC}") = "Hario.macOS", "Hario\Hario.macOS\Hario.macOS.csproj", "{67B0F466-DE87-427E-AA72-E7961B50E6C6}"
EndProject
Project("{9A19103F-16F7-4668-BE54-9A1E7A4F7556}") = "Hario.Skia.Wpf.Host", "Hario\Hario.Skia.Wpf.Host\Hario.Skia.Wpf.Host.csproj", "{7F2BEBF4-E53F-4523-9E95-7CDCCC7BBFAA}"
EndProject
Project("{9A19103F-16F7-4668-BE54-9A1E7A4F7556}") = "Hario.Skia.Wpf", "Hario\Hario.Skia.Wpf\Hario.Skia.Wpf.csproj", "{E0471B18-04CC-484D-A94C-0E111843DDB8}"
EndProject
Project("{9A19103F-16F7-4668-BE54-9A1E7A4F7556}") = "Hario.Skia.Gtk", "Hario\Hario.Skia.Gtk\Hario.Skia.Gtk.csproj", "{FED508F4-A4D3-4FAB-9633-D26D7971BB95}"
EndProject
Project("{9A19103F-16F7-4668-BE54-9A1E7A4F7556}") = "Hario.Skia.Tizen", "Hario\Hario.Skia.Tizen\Hario.Skia.Tizen.csproj", "{884E7862-CFFC-42EA-B5A9-385D4B56440D}"
EndProject
Project("{D954291E-2A0B-460D-934E-DC6B0785DB48}") = "Hario.Shared", "Hario\Hario.Shared\Hario.Shared.shproj", "{6279C845-92F8-4333-AB99-3D213163593C}"
EndProject
Global
	GlobalSection(SharedMSBuildProjectFiles) = preSolution
		Hario\Hario.Shared\Hario.Shared.projitems*{18c7395c-cfbd-4377-813b-b29cefa2e77a}*SharedItemsImports = 5
		Hario\Hario.Shared\Hario.Shared.projitems*{54cc8d46-f2e0-4f86-b039-aed13e31c14c}*SharedItemsImports = 4
		Hario\Hario.Shared\Hario.Shared.projitems*{5c401aa1-c9dd-41ba-bd8c-1f35be495953}*SharedItemsImports = 4
		Hario\Hario.Shared\Hario.Shared.projitems*{6279c845-92f8-4333-ab99-3d213163593c}*SharedItemsImports = 13
		Hario\Hario.Shared\Hario.Shared.projitems*{67b0f466-de87-427e-aa72-e7961b50e6c6}*SharedItemsImports = 4
		Hario\Hario.Shared\Hario.Shared.projitems*{884e7862-cffc-42ea-b5a9-385d4b56440d}*SharedItemsImports = 5
		Hario\Hario.Shared\Hario.Shared.projitems*{e0471b18-04cc-484d-a94c-0e111843ddb8}*SharedItemsImports = 5
		Hario\Hario.Shared\Hario.Shared.projitems*{fed508f4-a4d3-4fab-9633-d26d7971bb95}*SharedItemsImports = 5
		Hario\Hario.Shared\Hario.Shared.projitems*{ff625ff0-f298-410f-b8fe-55e9a9195e81}*SharedItemsImports = 4
	EndGlobalSection
	GlobalSection(SolutionConfigurationPlatforms) = preSolution
		Ad-Hoc|Any CPU = Ad-Hoc|Any CPU
		Ad-Hoc|ARM = Ad-Hoc|ARM
		Ad-Hoc|ARM64 = Ad-Hoc|ARM64
		Ad-Hoc|iPhone = Ad-Hoc|iPhone
		Ad-Hoc|iPhoneSimulator = Ad-Hoc|iPhoneSimulator
		Ad-Hoc|x64 = Ad-Hoc|x64
		Ad-Hoc|x86 = Ad-Hoc|x86
		AppStore|Any CPU = AppStore|Any CPU
		AppStore|ARM = AppStore|ARM
		AppStore|ARM64 = AppStore|ARM64
		AppStore|iPhone = AppStore|iPhone
		AppStore|iPhoneSimulator = AppStore|iPhoneSimulator
		AppStore|x64 = AppStore|x64
		AppStore|x86 = AppStore|x86
		Debug|Any CPU = Debug|Any CPU
		Debug|ARM = Debug|ARM
		Debug|ARM64 = Debug|ARM64
		Debug|iPhone = Debug|iPhone
		Debug|iPhoneSimulator = Debug|iPhoneSimulator
		Debug|x64 = Debug|x64
		Debug|x86 = Debug|x86
		Release|Any CPU = Release|Any CPU
		Release|ARM = Release|ARM
		Release|ARM64 = Release|ARM64
		Release|iPhone = Release|iPhone
		Release|iPhoneSimulator = Release|iPhoneSimulator
		Release|x64 = Release|x64
		Release|x86 = Release|x86
	EndGlobalSection
	GlobalSection(ProjectConfigurationPlatforms) = postSolution
		{5C401AA1-C9DD-41BA-BD8C-1F35BE495953}.Ad-Hoc|Any CPU.ActiveCfg = Debug|Any CPU
		{5C401AA1-C9DD-41BA-BD8C-1F35BE495953}.Ad-Hoc|Any CPU.Build.0 = Debug|Any CPU
		{5C401AA1-C9DD-41BA-BD8C-1F35BE495953}.Ad-Hoc|Any CPU.Deploy.0 = Debug|Any CPU
		{5C401AA1-C9DD-41BA-BD8C-1F35BE495953}.Ad-Hoc|ARM.ActiveCfg = Debug|Any CPU
		{5C401AA1-C9DD-41BA-BD8C-1F35BE495953}.Ad-Hoc|ARM.Build.0 = Debug|Any CPU
		{5C401AA1-C9DD-41BA-BD8C-1F35BE495953}.Ad-Hoc|ARM.Deploy.0 = Debug|Any CPU
		{5C401AA1-C9DD-41BA-BD8C-1F35BE495953}.Ad-Hoc|ARM64.ActiveCfg = Debug|Any CPU
		{5C401AA1-C9DD-41BA-BD8C-1F35BE495953}.Ad-Hoc|ARM64.Build.0 = Debug|Any CPU
		{5C401AA1-C9DD-41BA-BD8C-1F35BE495953}.Ad-Hoc|ARM64.Deploy.0 = Debug|Any CPU
		{5C401AA1-C9DD-41BA-BD8C-1F35BE495953}.Ad-Hoc|iPhone.ActiveCfg = Debug|Any CPU
		{5C401AA1-C9DD-41BA-BD8C-1F35BE495953}.Ad-Hoc|iPhone.Build.0 = Debug|Any CPU
		{5C401AA1-C9DD-41BA-BD8C-1F35BE495953}.Ad-Hoc|iPhone.Deploy.0 = Debug|Any CPU
		{5C401AA1-C9DD-41BA-BD8C-1F35BE495953}.Ad-Hoc|iPhoneSimulator.ActiveCfg = Debug|Any CPU
		{5C401AA1-C9DD-41BA-BD8C-1F35BE495953}.Ad-Hoc|iPhoneSimulator.Build.0 = Debug|Any CPU
		{5C401AA1-C9DD-41BA-BD8C-1F35BE495953}.Ad-Hoc|iPhoneSimulator.Deploy.0 = Debug|Any CPU
		{5C401AA1-C9DD-41BA-BD8C-1F35BE495953}.Ad-Hoc|x64.ActiveCfg = Debug|Any CPU
		{5C401AA1-C9DD-41BA-BD8C-1F35BE495953}.Ad-Hoc|x64.Build.0 = Debug|Any CPU
		{5C401AA1-C9DD-41BA-BD8C-1F35BE495953}.Ad-Hoc|x64.Deploy.0 = Debug|Any CPU
		{5C401AA1-C9DD-41BA-BD8C-1F35BE495953}.Ad-Hoc|x86.ActiveCfg = Debug|Any CPU
		{5C401AA1-C9DD-41BA-BD8C-1F35BE495953}.Ad-Hoc|x86.Build.0 = Debug|Any CPU
		{5C401AA1-C9DD-41BA-BD8C-1F35BE495953}.Ad-Hoc|x86.Deploy.0 = Debug|Any CPU
		{5C401AA1-C9DD-41BA-BD8C-1F35BE495953}.AppStore|Any CPU.ActiveCfg = Debug|Any CPU
		{5C401AA1-C9DD-41BA-BD8C-1F35BE495953}.AppStore|Any CPU.Build.0 = Debug|Any CPU
		{5C401AA1-C9DD-41BA-BD8C-1F35BE495953}.AppStore|Any CPU.Deploy.0 = Debug|Any CPU
		{5C401AA1-C9DD-41BA-BD8C-1F35BE495953}.AppStore|ARM.ActiveCfg = Debug|Any CPU
		{5C401AA1-C9DD-41BA-BD8C-1F35BE495953}.AppStore|ARM.Build.0 = Debug|Any CPU
		{5C401AA1-C9DD-41BA-BD8C-1F35BE495953}.AppStore|ARM.Deploy.0 = Debug|Any CPU
		{5C401AA1-C9DD-41BA-BD8C-1F35BE495953}.AppStore|ARM64.ActiveCfg = Debug|Any CPU
		{5C401AA1-C9DD-41BA-BD8C-1F35BE495953}.AppStore|ARM64.Build.0 = Debug|Any CPU
		{5C401AA1-C9DD-41BA-BD8C-1F35BE495953}.AppStore|ARM64.Deploy.0 = Debug|Any CPU
		{5C401AA1-C9DD-41BA-BD8C-1F35BE495953}.AppStore|iPhone.ActiveCfg = Debug|Any CPU
		{5C401AA1-C9DD-41BA-BD8C-1F35BE495953}.AppStore|iPhone.Build.0 = Debug|Any CPU
		{5C401AA1-C9DD-41BA-BD8C-1F35BE495953}.AppStore|iPhone.Deploy.0 = Debug|Any CPU
		{5C401AA1-C9DD-41BA-BD8C-1F35BE495953}.AppStore|iPhoneSimulator.ActiveCfg = Debug|Any CPU
		{5C401AA1-C9DD-41BA-BD8C-1F35BE495953}.AppStore|iPhoneSimulator.Build.0 = Debug|Any CPU
		{5C401AA1-C9DD-41BA-BD8C-1F35BE495953}.AppStore|iPhoneSimulator.Deploy.0 = Debug|Any CPU
		{5C401AA1-C9DD-41BA-BD8C-1F35BE495953}.AppStore|x64.ActiveCfg = Debug|Any CPU
		{5C401AA1-C9DD-41BA-BD8C-1F35BE495953}.AppStore|x64.Build.0 = Debug|Any CPU
		{5C401AA1-C9DD-41BA-BD8C-1F35BE495953}.AppStore|x64.Deploy.0 = Debug|Any CPU
		{5C401AA1-C9DD-41BA-BD8C-1F35BE495953}.AppStore|x86.ActiveCfg = Debug|Any CPU
		{5C401AA1-C9DD-41BA-BD8C-1F35BE495953}.AppStore|x86.Build.0 = Debug|Any CPU
		{5C401AA1-C9DD-41BA-BD8C-1F35BE495953}.AppStore|x86.Deploy.0 = Debug|Any CPU
		{5C401AA1-C9DD-41BA-BD8C-1F35BE495953}.Debug|Any CPU.ActiveCfg = Debug|Any CPU
		{5C401AA1-C9DD-41BA-BD8C-1F35BE495953}.Debug|Any CPU.Build.0 = Debug|Any CPU
		{5C401AA1-C9DD-41BA-BD8C-1F35BE495953}.Debug|Any CPU.Deploy.0 = Debug|Any CPU
		{5C401AA1-C9DD-41BA-BD8C-1F35BE495953}.Debug|ARM.ActiveCfg = Debug|Any CPU
		{5C401AA1-C9DD-41BA-BD8C-1F35BE495953}.Debug|ARM.Build.0 = Debug|Any CPU
		{5C401AA1-C9DD-41BA-BD8C-1F35BE495953}.Debug|ARM.Deploy.0 = Debug|Any CPU
		{5C401AA1-C9DD-41BA-BD8C-1F35BE495953}.Debug|ARM64.ActiveCfg = Debug|Any CPU
		{5C401AA1-C9DD-41BA-BD8C-1F35BE495953}.Debug|ARM64.Build.0 = Debug|Any CPU
		{5C401AA1-C9DD-41BA-BD8C-1F35BE495953}.Debug|ARM64.Deploy.0 = Debug|Any CPU
		{5C401AA1-C9DD-41BA-BD8C-1F35BE495953}.Debug|iPhone.ActiveCfg = Debug|Any CPU
		{5C401AA1-C9DD-41BA-BD8C-1F35BE495953}.Debug|iPhone.Build.0 = Debug|Any CPU
		{5C401AA1-C9DD-41BA-BD8C-1F35BE495953}.Debug|iPhone.Deploy.0 = Debug|Any CPU
		{5C401AA1-C9DD-41BA-BD8C-1F35BE495953}.Debug|iPhoneSimulator.ActiveCfg = Debug|Any CPU
		{5C401AA1-C9DD-41BA-BD8C-1F35BE495953}.Debug|iPhoneSimulator.Build.0 = Debug|Any CPU
		{5C401AA1-C9DD-41BA-BD8C-1F35BE495953}.Debug|iPhoneSimulator.Deploy.0 = Debug|Any CPU
		{5C401AA1-C9DD-41BA-BD8C-1F35BE495953}.Debug|x64.ActiveCfg = Debug|Any CPU
		{5C401AA1-C9DD-41BA-BD8C-1F35BE495953}.Debug|x64.Build.0 = Debug|Any CPU
		{5C401AA1-C9DD-41BA-BD8C-1F35BE495953}.Debug|x64.Deploy.0 = Debug|Any CPU
		{5C401AA1-C9DD-41BA-BD8C-1F35BE495953}.Debug|x86.ActiveCfg = Debug|Any CPU
		{5C401AA1-C9DD-41BA-BD8C-1F35BE495953}.Debug|x86.Build.0 = Debug|Any CPU
		{5C401AA1-C9DD-41BA-BD8C-1F35BE495953}.Debug|x86.Deploy.0 = Debug|Any CPU
		{5C401AA1-C9DD-41BA-BD8C-1F35BE495953}.Release|Any CPU.ActiveCfg = Release|Any CPU
		{5C401AA1-C9DD-41BA-BD8C-1F35BE495953}.Release|Any CPU.Build.0 = Release|Any CPU
		{5C401AA1-C9DD-41BA-BD8C-1F35BE495953}.Release|Any CPU.Deploy.0 = Release|Any CPU
		{5C401AA1-C9DD-41BA-BD8C-1F35BE495953}.Release|ARM.ActiveCfg = Release|Any CPU
		{5C401AA1-C9DD-41BA-BD8C-1F35BE495953}.Release|ARM.Build.0 = Release|Any CPU
		{5C401AA1-C9DD-41BA-BD8C-1F35BE495953}.Release|ARM.Deploy.0 = Release|Any CPU
		{5C401AA1-C9DD-41BA-BD8C-1F35BE495953}.Release|ARM64.ActiveCfg = Release|Any CPU
		{5C401AA1-C9DD-41BA-BD8C-1F35BE495953}.Release|ARM64.Build.0 = Release|Any CPU
		{5C401AA1-C9DD-41BA-BD8C-1F35BE495953}.Release|ARM64.Deploy.0 = Release|Any CPU
		{5C401AA1-C9DD-41BA-BD8C-1F35BE495953}.Release|iPhone.ActiveCfg = Release|Any CPU
		{5C401AA1-C9DD-41BA-BD8C-1F35BE495953}.Release|iPhone.Build.0 = Release|Any CPU
		{5C401AA1-C9DD-41BA-BD8C-1F35BE495953}.Release|iPhone.Deploy.0 = Release|Any CPU
		{5C401AA1-C9DD-41BA-BD8C-1F35BE495953}.Release|iPhoneSimulator.ActiveCfg = Release|Any CPU
		{5C401AA1-C9DD-41BA-BD8C-1F35BE495953}.Release|iPhoneSimulator.Build.0 = Release|Any CPU
		{5C401AA1-C9DD-41BA-BD8C-1F35BE495953}.Release|iPhoneSimulator.Deploy.0 = Release|Any CPU
		{5C401AA1-C9DD-41BA-BD8C-1F35BE495953}.Release|x64.ActiveCfg = Release|Any CPU
		{5C401AA1-C9DD-41BA-BD8C-1F35BE495953}.Release|x64.Build.0 = Release|Any CPU
		{5C401AA1-C9DD-41BA-BD8C-1F35BE495953}.Release|x64.Deploy.0 = Release|Any CPU
		{5C401AA1-C9DD-41BA-BD8C-1F35BE495953}.Release|x86.ActiveCfg = Release|Any CPU
		{5C401AA1-C9DD-41BA-BD8C-1F35BE495953}.Release|x86.Build.0 = Release|Any CPU
		{5C401AA1-C9DD-41BA-BD8C-1F35BE495953}.Release|x86.Deploy.0 = Release|Any CPU
		{54CC8D46-F2E0-4F86-B039-AED13E31C14C}.Ad-Hoc|Any CPU.ActiveCfg = Ad-Hoc|iPhoneSimulator
		{54CC8D46-F2E0-4F86-B039-AED13E31C14C}.Ad-Hoc|ARM.ActiveCfg = Ad-Hoc|iPhoneSimulator
		{54CC8D46-F2E0-4F86-B039-AED13E31C14C}.Ad-Hoc|ARM64.ActiveCfg = Ad-Hoc|iPhoneSimulator
		{54CC8D46-F2E0-4F86-B039-AED13E31C14C}.Ad-Hoc|iPhone.ActiveCfg = Ad-Hoc|iPhone
		{54CC8D46-F2E0-4F86-B039-AED13E31C14C}.Ad-Hoc|iPhone.Build.0 = Ad-Hoc|iPhone
		{54CC8D46-F2E0-4F86-B039-AED13E31C14C}.Ad-Hoc|iPhoneSimulator.ActiveCfg = Ad-Hoc|iPhoneSimulator
		{54CC8D46-F2E0-4F86-B039-AED13E31C14C}.Ad-Hoc|iPhoneSimulator.Build.0 = Ad-Hoc|iPhoneSimulator
		{54CC8D46-F2E0-4F86-B039-AED13E31C14C}.Ad-Hoc|x64.ActiveCfg = Ad-Hoc|iPhoneSimulator
		{54CC8D46-F2E0-4F86-B039-AED13E31C14C}.Ad-Hoc|x86.ActiveCfg = Ad-Hoc|iPhoneSimulator
		{54CC8D46-F2E0-4F86-B039-AED13E31C14C}.AppStore|Any CPU.ActiveCfg = AppStore|iPhoneSimulator
		{54CC8D46-F2E0-4F86-B039-AED13E31C14C}.AppStore|ARM.ActiveCfg = AppStore|iPhoneSimulator
		{54CC8D46-F2E0-4F86-B039-AED13E31C14C}.AppStore|ARM64.ActiveCfg = AppStore|iPhoneSimulator
		{54CC8D46-F2E0-4F86-B039-AED13E31C14C}.AppStore|iPhone.ActiveCfg = AppStore|iPhone
		{54CC8D46-F2E0-4F86-B039-AED13E31C14C}.AppStore|iPhone.Build.0 = AppStore|iPhone
		{54CC8D46-F2E0-4F86-B039-AED13E31C14C}.AppStore|iPhoneSimulator.ActiveCfg = AppStore|iPhoneSimulator
		{54CC8D46-F2E0-4F86-B039-AED13E31C14C}.AppStore|iPhoneSimulator.Build.0 = AppStore|iPhoneSimulator
		{54CC8D46-F2E0-4F86-B039-AED13E31C14C}.AppStore|x64.ActiveCfg = AppStore|iPhoneSimulator
		{54CC8D46-F2E0-4F86-B039-AED13E31C14C}.AppStore|x86.ActiveCfg = AppStore|iPhoneSimulator
		{54CC8D46-F2E0-4F86-B039-AED13E31C14C}.Debug|Any CPU.ActiveCfg = Debug|iPhoneSimulator
		{54CC8D46-F2E0-4F86-B039-AED13E31C14C}.Debug|ARM.ActiveCfg = Debug|iPhoneSimulator
		{54CC8D46-F2E0-4F86-B039-AED13E31C14C}.Debug|ARM64.ActiveCfg = Debug|iPhoneSimulator
		{54CC8D46-F2E0-4F86-B039-AED13E31C14C}.Debug|iPhone.ActiveCfg = Debug|iPhone
		{54CC8D46-F2E0-4F86-B039-AED13E31C14C}.Debug|iPhone.Build.0 = Debug|iPhone
		{54CC8D46-F2E0-4F86-B039-AED13E31C14C}.Debug|iPhoneSimulator.ActiveCfg = Debug|iPhoneSimulator
		{54CC8D46-F2E0-4F86-B039-AED13E31C14C}.Debug|iPhoneSimulator.Build.0 = Debug|iPhoneSimulator
		{54CC8D46-F2E0-4F86-B039-AED13E31C14C}.Debug|x64.ActiveCfg = Debug|iPhoneSimulator
		{54CC8D46-F2E0-4F86-B039-AED13E31C14C}.Debug|x86.ActiveCfg = Debug|iPhoneSimulator
		{54CC8D46-F2E0-4F86-B039-AED13E31C14C}.Release|Any CPU.ActiveCfg = Release|iPhoneSimulator
		{54CC8D46-F2E0-4F86-B039-AED13E31C14C}.Release|ARM.ActiveCfg = Release|iPhoneSimulator
		{54CC8D46-F2E0-4F86-B039-AED13E31C14C}.Release|ARM64.ActiveCfg = Release|iPhoneSimulator
		{54CC8D46-F2E0-4F86-B039-AED13E31C14C}.Release|iPhone.ActiveCfg = Release|iPhone
		{54CC8D46-F2E0-4F86-B039-AED13E31C14C}.Release|iPhone.Build.0 = Release|iPhone
		{54CC8D46-F2E0-4F86-B039-AED13E31C14C}.Release|iPhoneSimulator.ActiveCfg = Release|iPhoneSimulator
		{54CC8D46-F2E0-4F86-B039-AED13E31C14C}.Release|iPhoneSimulator.Build.0 = Release|iPhoneSimulator
		{54CC8D46-F2E0-4F86-B039-AED13E31C14C}.Release|x64.ActiveCfg = Release|iPhoneSimulator
		{54CC8D46-F2E0-4F86-B039-AED13E31C14C}.Release|x86.ActiveCfg = Release|iPhoneSimulator
		{FF625FF0-F298-410F-B8FE-55E9A9195E81}.Ad-Hoc|Any CPU.ActiveCfg = Debug|x86
		{FF625FF0-F298-410F-B8FE-55E9A9195E81}.Ad-Hoc|Any CPU.Build.0 = Debug|x86
		{FF625FF0-F298-410F-B8FE-55E9A9195E81}.Ad-Hoc|Any CPU.Deploy.0 = Debug|x86
		{FF625FF0-F298-410F-B8FE-55E9A9195E81}.Ad-Hoc|ARM.ActiveCfg = Debug|ARM
		{FF625FF0-F298-410F-B8FE-55E9A9195E81}.Ad-Hoc|ARM.Build.0 = Debug|ARM
		{FF625FF0-F298-410F-B8FE-55E9A9195E81}.Ad-Hoc|ARM.Deploy.0 = Debug|ARM
		{FF625FF0-F298-410F-B8FE-55E9A9195E81}.Ad-Hoc|ARM64.ActiveCfg = Debug|ARM64
		{FF625FF0-F298-410F-B8FE-55E9A9195E81}.Ad-Hoc|ARM64.Build.0 = Debug|ARM64
		{FF625FF0-F298-410F-B8FE-55E9A9195E81}.Ad-Hoc|ARM64.Deploy.0 = Debug|ARM64
		{FF625FF0-F298-410F-B8FE-55E9A9195E81}.Ad-Hoc|iPhone.ActiveCfg = Debug|x86
		{FF625FF0-F298-410F-B8FE-55E9A9195E81}.Ad-Hoc|iPhone.Build.0 = Debug|x86
		{FF625FF0-F298-410F-B8FE-55E9A9195E81}.Ad-Hoc|iPhone.Deploy.0 = Debug|x86
		{FF625FF0-F298-410F-B8FE-55E9A9195E81}.Ad-Hoc|iPhoneSimulator.ActiveCfg = Debug|x86
		{FF625FF0-F298-410F-B8FE-55E9A9195E81}.Ad-Hoc|iPhoneSimulator.Build.0 = Debug|x86
		{FF625FF0-F298-410F-B8FE-55E9A9195E81}.Ad-Hoc|iPhoneSimulator.Deploy.0 = Debug|x86
		{FF625FF0-F298-410F-B8FE-55E9A9195E81}.Ad-Hoc|x64.ActiveCfg = Debug|x64
		{FF625FF0-F298-410F-B8FE-55E9A9195E81}.Ad-Hoc|x64.Build.0 = Debug|x64
		{FF625FF0-F298-410F-B8FE-55E9A9195E81}.Ad-Hoc|x64.Deploy.0 = Debug|x64
		{FF625FF0-F298-410F-B8FE-55E9A9195E81}.Ad-Hoc|x86.ActiveCfg = Debug|x86
		{FF625FF0-F298-410F-B8FE-55E9A9195E81}.Ad-Hoc|x86.Build.0 = Debug|x86
		{FF625FF0-F298-410F-B8FE-55E9A9195E81}.Ad-Hoc|x86.Deploy.0 = Debug|x86
		{FF625FF0-F298-410F-B8FE-55E9A9195E81}.AppStore|Any CPU.ActiveCfg = Debug|x86
		{FF625FF0-F298-410F-B8FE-55E9A9195E81}.AppStore|Any CPU.Build.0 = Debug|x86
		{FF625FF0-F298-410F-B8FE-55E9A9195E81}.AppStore|Any CPU.Deploy.0 = Debug|x86
		{FF625FF0-F298-410F-B8FE-55E9A9195E81}.AppStore|ARM.ActiveCfg = Debug|ARM
		{FF625FF0-F298-410F-B8FE-55E9A9195E81}.AppStore|ARM.Build.0 = Debug|ARM
		{FF625FF0-F298-410F-B8FE-55E9A9195E81}.AppStore|ARM.Deploy.0 = Debug|ARM
		{FF625FF0-F298-410F-B8FE-55E9A9195E81}.AppStore|ARM64.ActiveCfg = Debug|ARM64
		{FF625FF0-F298-410F-B8FE-55E9A9195E81}.AppStore|ARM64.Build.0 = Debug|ARM64
		{FF625FF0-F298-410F-B8FE-55E9A9195E81}.AppStore|ARM64.Deploy.0 = Debug|ARM64
		{FF625FF0-F298-410F-B8FE-55E9A9195E81}.AppStore|iPhone.ActiveCfg = Debug|x86
		{FF625FF0-F298-410F-B8FE-55E9A9195E81}.AppStore|iPhone.Build.0 = Debug|x86
		{FF625FF0-F298-410F-B8FE-55E9A9195E81}.AppStore|iPhone.Deploy.0 = Debug|x86
		{FF625FF0-F298-410F-B8FE-55E9A9195E81}.AppStore|iPhoneSimulator.ActiveCfg = Debug|x86
		{FF625FF0-F298-410F-B8FE-55E9A9195E81}.AppStore|iPhoneSimulator.Build.0 = Debug|x86
		{FF625FF0-F298-410F-B8FE-55E9A9195E81}.AppStore|iPhoneSimulator.Deploy.0 = Debug|x86
		{FF625FF0-F298-410F-B8FE-55E9A9195E81}.AppStore|x64.ActiveCfg = Debug|x64
		{FF625FF0-F298-410F-B8FE-55E9A9195E81}.AppStore|x64.Build.0 = Debug|x64
		{FF625FF0-F298-410F-B8FE-55E9A9195E81}.AppStore|x64.Deploy.0 = Debug|x64
		{FF625FF0-F298-410F-B8FE-55E9A9195E81}.AppStore|x86.ActiveCfg = Debug|x86
		{FF625FF0-F298-410F-B8FE-55E9A9195E81}.AppStore|x86.Build.0 = Debug|x86
		{FF625FF0-F298-410F-B8FE-55E9A9195E81}.AppStore|x86.Deploy.0 = Debug|x86
		{FF625FF0-F298-410F-B8FE-55E9A9195E81}.Debug|Any CPU.ActiveCfg = Debug|x86
		{FF625FF0-F298-410F-B8FE-55E9A9195E81}.Debug|ARM.ActiveCfg = Debug|ARM
		{FF625FF0-F298-410F-B8FE-55E9A9195E81}.Debug|ARM.Build.0 = Debug|ARM
		{FF625FF0-F298-410F-B8FE-55E9A9195E81}.Debug|ARM.Deploy.0 = Debug|ARM
		{FF625FF0-F298-410F-B8FE-55E9A9195E81}.Debug|ARM64.ActiveCfg = Debug|ARM64
		{FF625FF0-F298-410F-B8FE-55E9A9195E81}.Debug|ARM64.Build.0 = Debug|ARM64
		{FF625FF0-F298-410F-B8FE-55E9A9195E81}.Debug|ARM64.Deploy.0 = Debug|ARM64
		{FF625FF0-F298-410F-B8FE-55E9A9195E81}.Debug|iPhone.ActiveCfg = Debug|x86
		{FF625FF0-F298-410F-B8FE-55E9A9195E81}.Debug|iPhoneSimulator.ActiveCfg = Debug|x86
		{FF625FF0-F298-410F-B8FE-55E9A9195E81}.Debug|x64.ActiveCfg = Debug|x64
		{FF625FF0-F298-410F-B8FE-55E9A9195E81}.Debug|x64.Build.0 = Debug|x64
		{FF625FF0-F298-410F-B8FE-55E9A9195E81}.Debug|x64.Deploy.0 = Debug|x64
		{FF625FF0-F298-410F-B8FE-55E9A9195E81}.Debug|x86.ActiveCfg = Debug|x86
		{FF625FF0-F298-410F-B8FE-55E9A9195E81}.Debug|x86.Build.0 = Debug|x86
		{FF625FF0-F298-410F-B8FE-55E9A9195E81}.Debug|x86.Deploy.0 = Debug|x86
		{FF625FF0-F298-410F-B8FE-55E9A9195E81}.Release|Any CPU.ActiveCfg = Release|x86
		{FF625FF0-F298-410F-B8FE-55E9A9195E81}.Release|ARM.ActiveCfg = Release|ARM
		{FF625FF0-F298-410F-B8FE-55E9A9195E81}.Release|ARM.Build.0 = Release|ARM
		{FF625FF0-F298-410F-B8FE-55E9A9195E81}.Release|ARM.Deploy.0 = Release|ARM
		{FF625FF0-F298-410F-B8FE-55E9A9195E81}.Release|ARM64.ActiveCfg = Release|ARM64
		{FF625FF0-F298-410F-B8FE-55E9A9195E81}.Release|ARM64.Build.0 = Release|ARM64
		{FF625FF0-F298-410F-B8FE-55E9A9195E81}.Release|ARM64.Deploy.0 = Release|ARM64
		{FF625FF0-F298-410F-B8FE-55E9A9195E81}.Release|iPhone.ActiveCfg = Release|x86
		{FF625FF0-F298-410F-B8FE-55E9A9195E81}.Release|iPhoneSimulator.ActiveCfg = Release|x86
		{FF625FF0-F298-410F-B8FE-55E9A9195E81}.Release|x64.ActiveCfg = Release|x64
		{FF625FF0-F298-410F-B8FE-55E9A9195E81}.Release|x64.Build.0 = Release|x64
		{FF625FF0-F298-410F-B8FE-55E9A9195E81}.Release|x64.Deploy.0 = Release|x64
		{FF625FF0-F298-410F-B8FE-55E9A9195E81}.Release|x86.ActiveCfg = Release|x86
		{FF625FF0-F298-410F-B8FE-55E9A9195E81}.Release|x86.Build.0 = Release|x86
		{FF625FF0-F298-410F-B8FE-55E9A9195E81}.Release|x86.Deploy.0 = Release|x86
		{18C7395C-CFBD-4377-813B-B29CEFA2E77A}.Ad-Hoc|Any CPU.ActiveCfg = Debug|Any CPU
		{18C7395C-CFBD-4377-813B-B29CEFA2E77A}.Ad-Hoc|Any CPU.Build.0 = Debug|Any CPU
		{18C7395C-CFBD-4377-813B-B29CEFA2E77A}.Ad-Hoc|ARM.ActiveCfg = Debug|Any CPU
		{18C7395C-CFBD-4377-813B-B29CEFA2E77A}.Ad-Hoc|ARM.Build.0 = Debug|Any CPU
		{18C7395C-CFBD-4377-813B-B29CEFA2E77A}.Ad-Hoc|ARM64.ActiveCfg = Debug|Any CPU
		{18C7395C-CFBD-4377-813B-B29CEFA2E77A}.Ad-Hoc|ARM64.Build.0 = Debug|Any CPU
		{18C7395C-CFBD-4377-813B-B29CEFA2E77A}.Ad-Hoc|iPhone.ActiveCfg = Debug|Any CPU
		{18C7395C-CFBD-4377-813B-B29CEFA2E77A}.Ad-Hoc|iPhone.Build.0 = Debug|Any CPU
		{18C7395C-CFBD-4377-813B-B29CEFA2E77A}.Ad-Hoc|iPhoneSimulator.ActiveCfg = Debug|Any CPU
		{18C7395C-CFBD-4377-813B-B29CEFA2E77A}.Ad-Hoc|iPhoneSimulator.Build.0 = Debug|Any CPU
		{18C7395C-CFBD-4377-813B-B29CEFA2E77A}.Ad-Hoc|x64.ActiveCfg = Debug|Any CPU
		{18C7395C-CFBD-4377-813B-B29CEFA2E77A}.Ad-Hoc|x64.Build.0 = Debug|Any CPU
		{18C7395C-CFBD-4377-813B-B29CEFA2E77A}.Ad-Hoc|x86.ActiveCfg = Debug|Any CPU
		{18C7395C-CFBD-4377-813B-B29CEFA2E77A}.Ad-Hoc|x86.Build.0 = Debug|Any CPU
		{18C7395C-CFBD-4377-813B-B29CEFA2E77A}.AppStore|Any CPU.ActiveCfg = Debug|Any CPU
		{18C7395C-CFBD-4377-813B-B29CEFA2E77A}.AppStore|Any CPU.Build.0 = Debug|Any CPU
		{18C7395C-CFBD-4377-813B-B29CEFA2E77A}.AppStore|ARM.ActiveCfg = Debug|Any CPU
		{18C7395C-CFBD-4377-813B-B29CEFA2E77A}.AppStore|ARM.Build.0 = Debug|Any CPU
		{18C7395C-CFBD-4377-813B-B29CEFA2E77A}.AppStore|ARM64.ActiveCfg = Debug|Any CPU
		{18C7395C-CFBD-4377-813B-B29CEFA2E77A}.AppStore|ARM64.Build.0 = Debug|Any CPU
		{18C7395C-CFBD-4377-813B-B29CEFA2E77A}.AppStore|iPhone.ActiveCfg = Debug|Any CPU
		{18C7395C-CFBD-4377-813B-B29CEFA2E77A}.AppStore|iPhone.Build.0 = Debug|Any CPU
		{18C7395C-CFBD-4377-813B-B29CEFA2E77A}.AppStore|iPhoneSimulator.ActiveCfg = Debug|Any CPU
		{18C7395C-CFBD-4377-813B-B29CEFA2E77A}.AppStore|iPhoneSimulator.Build.0 = Debug|Any CPU
		{18C7395C-CFBD-4377-813B-B29CEFA2E77A}.AppStore|x64.ActiveCfg = Debug|Any CPU
		{18C7395C-CFBD-4377-813B-B29CEFA2E77A}.AppStore|x64.Build.0 = Debug|Any CPU
		{18C7395C-CFBD-4377-813B-B29CEFA2E77A}.AppStore|x86.ActiveCfg = Debug|Any CPU
		{18C7395C-CFBD-4377-813B-B29CEFA2E77A}.AppStore|x86.Build.0 = Debug|Any CPU
		{18C7395C-CFBD-4377-813B-B29CEFA2E77A}.Debug|Any CPU.ActiveCfg = Debug|Any CPU
		{18C7395C-CFBD-4377-813B-B29CEFA2E77A}.Debug|Any CPU.Build.0 = Debug|Any CPU
		{18C7395C-CFBD-4377-813B-B29CEFA2E77A}.Debug|ARM.ActiveCfg = Debug|Any CPU
		{18C7395C-CFBD-4377-813B-B29CEFA2E77A}.Debug|ARM.Build.0 = Debug|Any CPU
		{18C7395C-CFBD-4377-813B-B29CEFA2E77A}.Debug|ARM64.ActiveCfg = Debug|Any CPU
		{18C7395C-CFBD-4377-813B-B29CEFA2E77A}.Debug|ARM64.Build.0 = Debug|Any CPU
		{18C7395C-CFBD-4377-813B-B29CEFA2E77A}.Debug|iPhone.ActiveCfg = Debug|Any CPU
		{18C7395C-CFBD-4377-813B-B29CEFA2E77A}.Debug|iPhone.Build.0 = Debug|Any CPU
		{18C7395C-CFBD-4377-813B-B29CEFA2E77A}.Debug|iPhoneSimulator.ActiveCfg = Debug|Any CPU
		{18C7395C-CFBD-4377-813B-B29CEFA2E77A}.Debug|iPhoneSimulator.Build.0 = Debug|Any CPU
		{18C7395C-CFBD-4377-813B-B29CEFA2E77A}.Debug|x64.ActiveCfg = Debug|Any CPU
		{18C7395C-CFBD-4377-813B-B29CEFA2E77A}.Debug|x64.Build.0 = Debug|Any CPU
		{18C7395C-CFBD-4377-813B-B29CEFA2E77A}.Debug|x86.ActiveCfg = Debug|Any CPU
		{18C7395C-CFBD-4377-813B-B29CEFA2E77A}.Debug|x86.Build.0 = Debug|Any CPU
		{18C7395C-CFBD-4377-813B-B29CEFA2E77A}.Release|Any CPU.ActiveCfg = Release|Any CPU
		{18C7395C-CFBD-4377-813B-B29CEFA2E77A}.Release|Any CPU.Build.0 = Release|Any CPU
		{18C7395C-CFBD-4377-813B-B29CEFA2E77A}.Release|ARM.ActiveCfg = Release|Any CPU
		{18C7395C-CFBD-4377-813B-B29CEFA2E77A}.Release|ARM.Build.0 = Release|Any CPU
		{18C7395C-CFBD-4377-813B-B29CEFA2E77A}.Release|ARM64.ActiveCfg = Release|Any CPU
		{18C7395C-CFBD-4377-813B-B29CEFA2E77A}.Release|ARM64.Build.0 = Release|Any CPU
		{18C7395C-CFBD-4377-813B-B29CEFA2E77A}.Release|iPhone.ActiveCfg = Release|Any CPU
		{18C7395C-CFBD-4377-813B-B29CEFA2E77A}.Release|iPhone.Build.0 = Release|Any CPU
		{18C7395C-CFBD-4377-813B-B29CEFA2E77A}.Release|iPhoneSimulator.ActiveCfg = Release|Any CPU
		{18C7395C-CFBD-4377-813B-B29CEFA2E77A}.Release|iPhoneSimulator.Build.0 = Release|Any CPU
		{18C7395C-CFBD-4377-813B-B29CEFA2E77A}.Release|x64.ActiveCfg = Release|Any CPU
		{18C7395C-CFBD-4377-813B-B29CEFA2E77A}.Release|x64.Build.0 = Release|Any CPU
		{18C7395C-CFBD-4377-813B-B29CEFA2E77A}.Release|x86.ActiveCfg = Release|Any CPU
		{18C7395C-CFBD-4377-813B-B29CEFA2E77A}.Release|x86.Build.0 = Release|Any CPU
		{67B0F466-DE87-427E-AA72-E7961B50E6C6}.Ad-Hoc|Any CPU.ActiveCfg = Debug|iPhoneSimulator
		{67B0F466-DE87-427E-AA72-E7961B50E6C6}.Ad-Hoc|Any CPU.Build.0 = Debug|iPhoneSimulator
		{67B0F466-DE87-427E-AA72-E7961B50E6C6}.Ad-Hoc|ARM.ActiveCfg = Debug|iPhoneSimulator
		{67B0F466-DE87-427E-AA72-E7961B50E6C6}.Ad-Hoc|ARM.Build.0 = Debug|iPhoneSimulator
		{67B0F466-DE87-427E-AA72-E7961B50E6C6}.Ad-Hoc|ARM64.ActiveCfg = Debug|iPhoneSimulator
		{67B0F466-DE87-427E-AA72-E7961B50E6C6}.Ad-Hoc|ARM64.Build.0 = Debug|iPhoneSimulator
		{67B0F466-DE87-427E-AA72-E7961B50E6C6}.Ad-Hoc|iPhone.ActiveCfg = Debug|iPhoneSimulator
		{67B0F466-DE87-427E-AA72-E7961B50E6C6}.Ad-Hoc|iPhone.Build.0 = Debug|iPhoneSimulator
		{67B0F466-DE87-427E-AA72-E7961B50E6C6}.Ad-Hoc|iPhoneSimulator.ActiveCfg = Debug|iPhoneSimulator
		{67B0F466-DE87-427E-AA72-E7961B50E6C6}.Ad-Hoc|iPhoneSimulator.Build.0 = Debug|iPhoneSimulator
		{67B0F466-DE87-427E-AA72-E7961B50E6C6}.Ad-Hoc|x64.ActiveCfg = Debug|iPhoneSimulator
		{67B0F466-DE87-427E-AA72-E7961B50E6C6}.Ad-Hoc|x64.Build.0 = Debug|iPhoneSimulator
		{67B0F466-DE87-427E-AA72-E7961B50E6C6}.Ad-Hoc|x86.ActiveCfg = Debug|iPhoneSimulator
		{67B0F466-DE87-427E-AA72-E7961B50E6C6}.Ad-Hoc|x86.Build.0 = Debug|iPhoneSimulator
		{67B0F466-DE87-427E-AA72-E7961B50E6C6}.AppStore|Any CPU.ActiveCfg = Debug|iPhoneSimulator
		{67B0F466-DE87-427E-AA72-E7961B50E6C6}.AppStore|Any CPU.Build.0 = Debug|iPhoneSimulator
		{67B0F466-DE87-427E-AA72-E7961B50E6C6}.AppStore|ARM.ActiveCfg = Debug|iPhoneSimulator
		{67B0F466-DE87-427E-AA72-E7961B50E6C6}.AppStore|ARM.Build.0 = Debug|iPhoneSimulator
		{67B0F466-DE87-427E-AA72-E7961B50E6C6}.AppStore|ARM64.ActiveCfg = Debug|iPhoneSimulator
		{67B0F466-DE87-427E-AA72-E7961B50E6C6}.AppStore|ARM64.Build.0 = Debug|iPhoneSimulator
		{67B0F466-DE87-427E-AA72-E7961B50E6C6}.AppStore|iPhone.ActiveCfg = Debug|iPhoneSimulator
		{67B0F466-DE87-427E-AA72-E7961B50E6C6}.AppStore|iPhone.Build.0 = Debug|iPhoneSimulator
		{67B0F466-DE87-427E-AA72-E7961B50E6C6}.AppStore|iPhoneSimulator.ActiveCfg = Debug|iPhoneSimulator
		{67B0F466-DE87-427E-AA72-E7961B50E6C6}.AppStore|iPhoneSimulator.Build.0 = Debug|iPhoneSimulator
		{67B0F466-DE87-427E-AA72-E7961B50E6C6}.AppStore|x64.ActiveCfg = Debug|iPhoneSimulator
		{67B0F466-DE87-427E-AA72-E7961B50E6C6}.AppStore|x64.Build.0 = Debug|iPhoneSimulator
		{67B0F466-DE87-427E-AA72-E7961B50E6C6}.AppStore|x86.ActiveCfg = Debug|iPhoneSimulator
		{67B0F466-DE87-427E-AA72-E7961B50E6C6}.AppStore|x86.Build.0 = Debug|iPhoneSimulator
		{67B0F466-DE87-427E-AA72-E7961B50E6C6}.Debug|Any CPU.ActiveCfg = Debug|iPhoneSimulator
		{67B0F466-DE87-427E-AA72-E7961B50E6C6}.Debug|ARM.ActiveCfg = Debug|iPhoneSimulator
		{67B0F466-DE87-427E-AA72-E7961B50E6C6}.Debug|ARM64.ActiveCfg = Debug|iPhoneSimulator
		{67B0F466-DE87-427E-AA72-E7961B50E6C6}.Debug|iPhone.ActiveCfg = Debug|iPhoneSimulator
		{67B0F466-DE87-427E-AA72-E7961B50E6C6}.Debug|iPhoneSimulator.ActiveCfg = Debug|iPhoneSimulator
		{67B0F466-DE87-427E-AA72-E7961B50E6C6}.Debug|iPhoneSimulator.Build.0 = Debug|iPhoneSimulator
		{67B0F466-DE87-427E-AA72-E7961B50E6C6}.Debug|x64.ActiveCfg = Debug|iPhoneSimulator
		{67B0F466-DE87-427E-AA72-E7961B50E6C6}.Debug|x86.ActiveCfg = Debug|iPhoneSimulator
		{67B0F466-DE87-427E-AA72-E7961B50E6C6}.Release|Any CPU.ActiveCfg = Release|iPhoneSimulator
		{67B0F466-DE87-427E-AA72-E7961B50E6C6}.Release|ARM.ActiveCfg = Release|iPhoneSimulator
		{67B0F466-DE87-427E-AA72-E7961B50E6C6}.Release|ARM64.ActiveCfg = Release|iPhoneSimulator
		{67B0F466-DE87-427E-AA72-E7961B50E6C6}.Release|iPhone.ActiveCfg = Release|iPhoneSimulator
		{67B0F466-DE87-427E-AA72-E7961B50E6C6}.Release|iPhoneSimulator.ActiveCfg = Release|iPhoneSimulator
		{67B0F466-DE87-427E-AA72-E7961B50E6C6}.Release|iPhoneSimulator.Build.0 = Release|iPhoneSimulator
		{67B0F466-DE87-427E-AA72-E7961B50E6C6}.Release|x64.ActiveCfg = Release|iPhoneSimulator
		{67B0F466-DE87-427E-AA72-E7961B50E6C6}.Release|x86.ActiveCfg = Release|iPhoneSimulator
		{7F2BEBF4-E53F-4523-9E95-7CDCCC7BBFAA}.Ad-Hoc|Any CPU.ActiveCfg = Debug|Any CPU
		{7F2BEBF4-E53F-4523-9E95-7CDCCC7BBFAA}.Ad-Hoc|Any CPU.Build.0 = Debug|Any CPU
		{7F2BEBF4-E53F-4523-9E95-7CDCCC7BBFAA}.Ad-Hoc|ARM.ActiveCfg = Debug|Any CPU
		{7F2BEBF4-E53F-4523-9E95-7CDCCC7BBFAA}.Ad-Hoc|ARM.Build.0 = Debug|Any CPU
		{7F2BEBF4-E53F-4523-9E95-7CDCCC7BBFAA}.Ad-Hoc|ARM64.ActiveCfg = Debug|Any CPU
		{7F2BEBF4-E53F-4523-9E95-7CDCCC7BBFAA}.Ad-Hoc|ARM64.Build.0 = Debug|Any CPU
		{7F2BEBF4-E53F-4523-9E95-7CDCCC7BBFAA}.Ad-Hoc|iPhone.ActiveCfg = Debug|Any CPU
		{7F2BEBF4-E53F-4523-9E95-7CDCCC7BBFAA}.Ad-Hoc|iPhone.Build.0 = Debug|Any CPU
		{7F2BEBF4-E53F-4523-9E95-7CDCCC7BBFAA}.Ad-Hoc|iPhoneSimulator.ActiveCfg = Debug|Any CPU
		{7F2BEBF4-E53F-4523-9E95-7CDCCC7BBFAA}.Ad-Hoc|iPhoneSimulator.Build.0 = Debug|Any CPU
		{7F2BEBF4-E53F-4523-9E95-7CDCCC7BBFAA}.Ad-Hoc|x64.ActiveCfg = Debug|Any CPU
		{7F2BEBF4-E53F-4523-9E95-7CDCCC7BBFAA}.Ad-Hoc|x64.Build.0 = Debug|Any CPU
		{7F2BEBF4-E53F-4523-9E95-7CDCCC7BBFAA}.Ad-Hoc|x86.ActiveCfg = Debug|Any CPU
		{7F2BEBF4-E53F-4523-9E95-7CDCCC7BBFAA}.Ad-Hoc|x86.Build.0 = Debug|Any CPU
		{7F2BEBF4-E53F-4523-9E95-7CDCCC7BBFAA}.AppStore|Any CPU.ActiveCfg = Debug|Any CPU
		{7F2BEBF4-E53F-4523-9E95-7CDCCC7BBFAA}.AppStore|Any CPU.Build.0 = Debug|Any CPU
		{7F2BEBF4-E53F-4523-9E95-7CDCCC7BBFAA}.AppStore|ARM.ActiveCfg = Debug|Any CPU
		{7F2BEBF4-E53F-4523-9E95-7CDCCC7BBFAA}.AppStore|ARM.Build.0 = Debug|Any CPU
		{7F2BEBF4-E53F-4523-9E95-7CDCCC7BBFAA}.AppStore|ARM64.ActiveCfg = Debug|Any CPU
		{7F2BEBF4-E53F-4523-9E95-7CDCCC7BBFAA}.AppStore|ARM64.Build.0 = Debug|Any CPU
		{7F2BEBF4-E53F-4523-9E95-7CDCCC7BBFAA}.AppStore|iPhone.ActiveCfg = Debug|Any CPU
		{7F2BEBF4-E53F-4523-9E95-7CDCCC7BBFAA}.AppStore|iPhone.Build.0 = Debug|Any CPU
		{7F2BEBF4-E53F-4523-9E95-7CDCCC7BBFAA}.AppStore|iPhoneSimulator.ActiveCfg = Debug|Any CPU
		{7F2BEBF4-E53F-4523-9E95-7CDCCC7BBFAA}.AppStore|iPhoneSimulator.Build.0 = Debug|Any CPU
		{7F2BEBF4-E53F-4523-9E95-7CDCCC7BBFAA}.AppStore|x64.ActiveCfg = Debug|Any CPU
		{7F2BEBF4-E53F-4523-9E95-7CDCCC7BBFAA}.AppStore|x64.Build.0 = Debug|Any CPU
		{7F2BEBF4-E53F-4523-9E95-7CDCCC7BBFAA}.AppStore|x86.ActiveCfg = Debug|Any CPU
		{7F2BEBF4-E53F-4523-9E95-7CDCCC7BBFAA}.AppStore|x86.Build.0 = Debug|Any CPU
		{7F2BEBF4-E53F-4523-9E95-7CDCCC7BBFAA}.Debug|Any CPU.ActiveCfg = Debug|Any CPU
		{7F2BEBF4-E53F-4523-9E95-7CDCCC7BBFAA}.Debug|Any CPU.Build.0 = Debug|Any CPU
		{7F2BEBF4-E53F-4523-9E95-7CDCCC7BBFAA}.Debug|ARM.ActiveCfg = Debug|Any CPU
		{7F2BEBF4-E53F-4523-9E95-7CDCCC7BBFAA}.Debug|ARM.Build.0 = Debug|Any CPU
		{7F2BEBF4-E53F-4523-9E95-7CDCCC7BBFAA}.Debug|ARM64.ActiveCfg = Debug|Any CPU
		{7F2BEBF4-E53F-4523-9E95-7CDCCC7BBFAA}.Debug|ARM64.Build.0 = Debug|Any CPU
		{7F2BEBF4-E53F-4523-9E95-7CDCCC7BBFAA}.Debug|iPhone.ActiveCfg = Debug|Any CPU
		{7F2BEBF4-E53F-4523-9E95-7CDCCC7BBFAA}.Debug|iPhone.Build.0 = Debug|Any CPU
		{7F2BEBF4-E53F-4523-9E95-7CDCCC7BBFAA}.Debug|iPhoneSimulator.ActiveCfg = Debug|Any CPU
		{7F2BEBF4-E53F-4523-9E95-7CDCCC7BBFAA}.Debug|iPhoneSimulator.Build.0 = Debug|Any CPU
		{7F2BEBF4-E53F-4523-9E95-7CDCCC7BBFAA}.Debug|x64.ActiveCfg = Debug|Any CPU
		{7F2BEBF4-E53F-4523-9E95-7CDCCC7BBFAA}.Debug|x64.Build.0 = Debug|Any CPU
		{7F2BEBF4-E53F-4523-9E95-7CDCCC7BBFAA}.Debug|x86.ActiveCfg = Debug|Any CPU
		{7F2BEBF4-E53F-4523-9E95-7CDCCC7BBFAA}.Debug|x86.Build.0 = Debug|Any CPU
		{7F2BEBF4-E53F-4523-9E95-7CDCCC7BBFAA}.Release|Any CPU.ActiveCfg = Release|Any CPU
		{7F2BEBF4-E53F-4523-9E95-7CDCCC7BBFAA}.Release|Any CPU.Build.0 = Release|Any CPU
		{7F2BEBF4-E53F-4523-9E95-7CDCCC7BBFAA}.Release|ARM.ActiveCfg = Release|Any CPU
		{7F2BEBF4-E53F-4523-9E95-7CDCCC7BBFAA}.Release|ARM.Build.0 = Release|Any CPU
		{7F2BEBF4-E53F-4523-9E95-7CDCCC7BBFAA}.Release|ARM64.ActiveCfg = Release|Any CPU
		{7F2BEBF4-E53F-4523-9E95-7CDCCC7BBFAA}.Release|ARM64.Build.0 = Release|Any CPU
		{7F2BEBF4-E53F-4523-9E95-7CDCCC7BBFAA}.Release|iPhone.ActiveCfg = Release|Any CPU
		{7F2BEBF4-E53F-4523-9E95-7CDCCC7BBFAA}.Release|iPhone.Build.0 = Release|Any CPU
		{7F2BEBF4-E53F-4523-9E95-7CDCCC7BBFAA}.Release|iPhoneSimulator.ActiveCfg = Release|Any CPU
		{7F2BEBF4-E53F-4523-9E95-7CDCCC7BBFAA}.Release|iPhoneSimulator.Build.0 = Release|Any CPU
		{7F2BEBF4-E53F-4523-9E95-7CDCCC7BBFAA}.Release|x64.ActiveCfg = Release|Any CPU
		{7F2BEBF4-E53F-4523-9E95-7CDCCC7BBFAA}.Release|x64.Build.0 = Release|Any CPU
		{7F2BEBF4-E53F-4523-9E95-7CDCCC7BBFAA}.Release|x86.ActiveCfg = Release|Any CPU
		{7F2BEBF4-E53F-4523-9E95-7CDCCC7BBFAA}.Release|x86.Build.0 = Release|Any CPU
		{E0471B18-04CC-484D-A94C-0E111843DDB8}.Ad-Hoc|Any CPU.ActiveCfg = Debug|Any CPU
		{E0471B18-04CC-484D-A94C-0E111843DDB8}.Ad-Hoc|Any CPU.Build.0 = Debug|Any CPU
		{E0471B18-04CC-484D-A94C-0E111843DDB8}.Ad-Hoc|ARM.ActiveCfg = Debug|Any CPU
		{E0471B18-04CC-484D-A94C-0E111843DDB8}.Ad-Hoc|ARM.Build.0 = Debug|Any CPU
		{E0471B18-04CC-484D-A94C-0E111843DDB8}.Ad-Hoc|ARM64.ActiveCfg = Debug|Any CPU
		{E0471B18-04CC-484D-A94C-0E111843DDB8}.Ad-Hoc|ARM64.Build.0 = Debug|Any CPU
		{E0471B18-04CC-484D-A94C-0E111843DDB8}.Ad-Hoc|iPhone.ActiveCfg = Debug|Any CPU
		{E0471B18-04CC-484D-A94C-0E111843DDB8}.Ad-Hoc|iPhone.Build.0 = Debug|Any CPU
		{E0471B18-04CC-484D-A94C-0E111843DDB8}.Ad-Hoc|iPhoneSimulator.ActiveCfg = Debug|Any CPU
		{E0471B18-04CC-484D-A94C-0E111843DDB8}.Ad-Hoc|iPhoneSimulator.Build.0 = Debug|Any CPU
		{E0471B18-04CC-484D-A94C-0E111843DDB8}.Ad-Hoc|x64.ActiveCfg = Debug|Any CPU
		{E0471B18-04CC-484D-A94C-0E111843DDB8}.Ad-Hoc|x64.Build.0 = Debug|Any CPU
		{E0471B18-04CC-484D-A94C-0E111843DDB8}.Ad-Hoc|x86.ActiveCfg = Debug|Any CPU
		{E0471B18-04CC-484D-A94C-0E111843DDB8}.Ad-Hoc|x86.Build.0 = Debug|Any CPU
		{E0471B18-04CC-484D-A94C-0E111843DDB8}.AppStore|Any CPU.ActiveCfg = Debug|Any CPU
		{E0471B18-04CC-484D-A94C-0E111843DDB8}.AppStore|Any CPU.Build.0 = Debug|Any CPU
		{E0471B18-04CC-484D-A94C-0E111843DDB8}.AppStore|ARM.ActiveCfg = Debug|Any CPU
		{E0471B18-04CC-484D-A94C-0E111843DDB8}.AppStore|ARM.Build.0 = Debug|Any CPU
		{E0471B18-04CC-484D-A94C-0E111843DDB8}.AppStore|ARM64.ActiveCfg = Debug|Any CPU
		{E0471B18-04CC-484D-A94C-0E111843DDB8}.AppStore|ARM64.Build.0 = Debug|Any CPU
		{E0471B18-04CC-484D-A94C-0E111843DDB8}.AppStore|iPhone.ActiveCfg = Debug|Any CPU
		{E0471B18-04CC-484D-A94C-0E111843DDB8}.AppStore|iPhone.Build.0 = Debug|Any CPU
		{E0471B18-04CC-484D-A94C-0E111843DDB8}.AppStore|iPhoneSimulator.ActiveCfg = Debug|Any CPU
		{E0471B18-04CC-484D-A94C-0E111843DDB8}.AppStore|iPhoneSimulator.Build.0 = Debug|Any CPU
		{E0471B18-04CC-484D-A94C-0E111843DDB8}.AppStore|x64.ActiveCfg = Debug|Any CPU
		{E0471B18-04CC-484D-A94C-0E111843DDB8}.AppStore|x64.Build.0 = Debug|Any CPU
		{E0471B18-04CC-484D-A94C-0E111843DDB8}.AppStore|x86.ActiveCfg = Debug|Any CPU
		{E0471B18-04CC-484D-A94C-0E111843DDB8}.AppStore|x86.Build.0 = Debug|Any CPU
		{E0471B18-04CC-484D-A94C-0E111843DDB8}.Debug|Any CPU.ActiveCfg = Debug|Any CPU
		{E0471B18-04CC-484D-A94C-0E111843DDB8}.Debug|Any CPU.Build.0 = Debug|Any CPU
		{E0471B18-04CC-484D-A94C-0E111843DDB8}.Debug|ARM.ActiveCfg = Debug|Any CPU
		{E0471B18-04CC-484D-A94C-0E111843DDB8}.Debug|ARM.Build.0 = Debug|Any CPU
		{E0471B18-04CC-484D-A94C-0E111843DDB8}.Debug|ARM64.ActiveCfg = Debug|Any CPU
		{E0471B18-04CC-484D-A94C-0E111843DDB8}.Debug|ARM64.Build.0 = Debug|Any CPU
		{E0471B18-04CC-484D-A94C-0E111843DDB8}.Debug|iPhone.ActiveCfg = Debug|Any CPU
		{E0471B18-04CC-484D-A94C-0E111843DDB8}.Debug|iPhone.Build.0 = Debug|Any CPU
		{E0471B18-04CC-484D-A94C-0E111843DDB8}.Debug|iPhoneSimulator.ActiveCfg = Debug|Any CPU
		{E0471B18-04CC-484D-A94C-0E111843DDB8}.Debug|iPhoneSimulator.Build.0 = Debug|Any CPU
		{E0471B18-04CC-484D-A94C-0E111843DDB8}.Debug|x64.ActiveCfg = Debug|Any CPU
		{E0471B18-04CC-484D-A94C-0E111843DDB8}.Debug|x64.Build.0 = Debug|Any CPU
		{E0471B18-04CC-484D-A94C-0E111843DDB8}.Debug|x86.ActiveCfg = Debug|Any CPU
		{E0471B18-04CC-484D-A94C-0E111843DDB8}.Debug|x86.Build.0 = Debug|Any CPU
		{E0471B18-04CC-484D-A94C-0E111843DDB8}.Release|Any CPU.ActiveCfg = Release|Any CPU
		{E0471B18-04CC-484D-A94C-0E111843DDB8}.Release|Any CPU.Build.0 = Release|Any CPU
		{E0471B18-04CC-484D-A94C-0E111843DDB8}.Release|ARM.ActiveCfg = Release|Any CPU
		{E0471B18-04CC-484D-A94C-0E111843DDB8}.Release|ARM.Build.0 = Release|Any CPU
		{E0471B18-04CC-484D-A94C-0E111843DDB8}.Release|ARM64.ActiveCfg = Release|Any CPU
		{E0471B18-04CC-484D-A94C-0E111843DDB8}.Release|ARM64.Build.0 = Release|Any CPU
		{E0471B18-04CC-484D-A94C-0E111843DDB8}.Release|iPhone.ActiveCfg = Release|Any CPU
		{E0471B18-04CC-484D-A94C-0E111843DDB8}.Release|iPhone.Build.0 = Release|Any CPU
		{E0471B18-04CC-484D-A94C-0E111843DDB8}.Release|iPhoneSimulator.ActiveCfg = Release|Any CPU
		{E0471B18-04CC-484D-A94C-0E111843DDB8}.Release|iPhoneSimulator.Build.0 = Release|Any CPU
		{E0471B18-04CC-484D-A94C-0E111843DDB8}.Release|x64.ActiveCfg = Release|Any CPU
		{E0471B18-04CC-484D-A94C-0E111843DDB8}.Release|x64.Build.0 = Release|Any CPU
		{E0471B18-04CC-484D-A94C-0E111843DDB8}.Release|x86.ActiveCfg = Release|Any CPU
		{E0471B18-04CC-484D-A94C-0E111843DDB8}.Release|x86.Build.0 = Release|Any CPU
		{FED508F4-A4D3-4FAB-9633-D26D7971BB95}.Ad-Hoc|Any CPU.ActiveCfg = Debug|Any CPU
		{FED508F4-A4D3-4FAB-9633-D26D7971BB95}.Ad-Hoc|Any CPU.Build.0 = Debug|Any CPU
		{FED508F4-A4D3-4FAB-9633-D26D7971BB95}.Ad-Hoc|ARM.ActiveCfg = Debug|Any CPU
		{FED508F4-A4D3-4FAB-9633-D26D7971BB95}.Ad-Hoc|ARM.Build.0 = Debug|Any CPU
		{FED508F4-A4D3-4FAB-9633-D26D7971BB95}.Ad-Hoc|ARM64.ActiveCfg = Debug|Any CPU
		{FED508F4-A4D3-4FAB-9633-D26D7971BB95}.Ad-Hoc|ARM64.Build.0 = Debug|Any CPU
		{FED508F4-A4D3-4FAB-9633-D26D7971BB95}.Ad-Hoc|iPhone.ActiveCfg = Debug|Any CPU
		{FED508F4-A4D3-4FAB-9633-D26D7971BB95}.Ad-Hoc|iPhone.Build.0 = Debug|Any CPU
		{FED508F4-A4D3-4FAB-9633-D26D7971BB95}.Ad-Hoc|iPhoneSimulator.ActiveCfg = Debug|Any CPU
		{FED508F4-A4D3-4FAB-9633-D26D7971BB95}.Ad-Hoc|iPhoneSimulator.Build.0 = Debug|Any CPU
		{FED508F4-A4D3-4FAB-9633-D26D7971BB95}.Ad-Hoc|x64.ActiveCfg = Debug|Any CPU
		{FED508F4-A4D3-4FAB-9633-D26D7971BB95}.Ad-Hoc|x64.Build.0 = Debug|Any CPU
		{FED508F4-A4D3-4FAB-9633-D26D7971BB95}.Ad-Hoc|x86.ActiveCfg = Debug|Any CPU
		{FED508F4-A4D3-4FAB-9633-D26D7971BB95}.Ad-Hoc|x86.Build.0 = Debug|Any CPU
		{FED508F4-A4D3-4FAB-9633-D26D7971BB95}.AppStore|Any CPU.ActiveCfg = Debug|Any CPU
		{FED508F4-A4D3-4FAB-9633-D26D7971BB95}.AppStore|Any CPU.Build.0 = Debug|Any CPU
		{FED508F4-A4D3-4FAB-9633-D26D7971BB95}.AppStore|ARM.ActiveCfg = Debug|Any CPU
		{FED508F4-A4D3-4FAB-9633-D26D7971BB95}.AppStore|ARM.Build.0 = Debug|Any CPU
		{FED508F4-A4D3-4FAB-9633-D26D7971BB95}.AppStore|ARM64.ActiveCfg = Debug|Any CPU
		{FED508F4-A4D3-4FAB-9633-D26D7971BB95}.AppStore|ARM64.Build.0 = Debug|Any CPU
		{FED508F4-A4D3-4FAB-9633-D26D7971BB95}.AppStore|iPhone.ActiveCfg = Debug|Any CPU
		{FED508F4-A4D3-4FAB-9633-D26D7971BB95}.AppStore|iPhone.Build.0 = Debug|Any CPU
		{FED508F4-A4D3-4FAB-9633-D26D7971BB95}.AppStore|iPhoneSimulator.ActiveCfg = Debug|Any CPU
		{FED508F4-A4D3-4FAB-9633-D26D7971BB95}.AppStore|iPhoneSimulator.Build.0 = Debug|Any CPU
		{FED508F4-A4D3-4FAB-9633-D26D7971BB95}.AppStore|x64.ActiveCfg = Debug|Any CPU
		{FED508F4-A4D3-4FAB-9633-D26D7971BB95}.AppStore|x64.Build.0 = Debug|Any CPU
		{FED508F4-A4D3-4FAB-9633-D26D7971BB95}.AppStore|x86.ActiveCfg = Debug|Any CPU
		{FED508F4-A4D3-4FAB-9633-D26D7971BB95}.AppStore|x86.Build.0 = Debug|Any CPU
		{FED508F4-A4D3-4FAB-9633-D26D7971BB95}.Debug|Any CPU.ActiveCfg = Debug|Any CPU
		{FED508F4-A4D3-4FAB-9633-D26D7971BB95}.Debug|Any CPU.Build.0 = Debug|Any CPU
		{FED508F4-A4D3-4FAB-9633-D26D7971BB95}.Debug|ARM.ActiveCfg = Debug|Any CPU
		{FED508F4-A4D3-4FAB-9633-D26D7971BB95}.Debug|ARM.Build.0 = Debug|Any CPU
		{FED508F4-A4D3-4FAB-9633-D26D7971BB95}.Debug|ARM64.ActiveCfg = Debug|Any CPU
		{FED508F4-A4D3-4FAB-9633-D26D7971BB95}.Debug|ARM64.Build.0 = Debug|Any CPU
		{FED508F4-A4D3-4FAB-9633-D26D7971BB95}.Debug|iPhone.ActiveCfg = Debug|Any CPU
		{FED508F4-A4D3-4FAB-9633-D26D7971BB95}.Debug|iPhone.Build.0 = Debug|Any CPU
		{FED508F4-A4D3-4FAB-9633-D26D7971BB95}.Debug|iPhoneSimulator.ActiveCfg = Debug|Any CPU
		{FED508F4-A4D3-4FAB-9633-D26D7971BB95}.Debug|iPhoneSimulator.Build.0 = Debug|Any CPU
		{FED508F4-A4D3-4FAB-9633-D26D7971BB95}.Debug|x64.ActiveCfg = Debug|Any CPU
		{FED508F4-A4D3-4FAB-9633-D26D7971BB95}.Debug|x64.Build.0 = Debug|Any CPU
		{FED508F4-A4D3-4FAB-9633-D26D7971BB95}.Debug|x86.ActiveCfg = Debug|Any CPU
		{FED508F4-A4D3-4FAB-9633-D26D7971BB95}.Debug|x86.Build.0 = Debug|Any CPU
		{FED508F4-A4D3-4FAB-9633-D26D7971BB95}.Release|Any CPU.ActiveCfg = Release|Any CPU
		{FED508F4-A4D3-4FAB-9633-D26D7971BB95}.Release|Any CPU.Build.0 = Release|Any CPU
		{FED508F4-A4D3-4FAB-9633-D26D7971BB95}.Release|ARM.ActiveCfg = Release|Any CPU
		{FED508F4-A4D3-4FAB-9633-D26D7971BB95}.Release|ARM.Build.0 = Release|Any CPU
		{FED508F4-A4D3-4FAB-9633-D26D7971BB95}.Release|ARM64.ActiveCfg = Release|Any CPU
		{FED508F4-A4D3-4FAB-9633-D26D7971BB95}.Release|ARM64.Build.0 = Release|Any CPU
		{FED508F4-A4D3-4FAB-9633-D26D7971BB95}.Release|iPhone.ActiveCfg = Release|Any CPU
		{FED508F4-A4D3-4FAB-9633-D26D7971BB95}.Release|iPhone.Build.0 = Release|Any CPU
		{FED508F4-A4D3-4FAB-9633-D26D7971BB95}.Release|iPhoneSimulator.ActiveCfg = Release|Any CPU
		{FED508F4-A4D3-4FAB-9633-D26D7971BB95}.Release|iPhoneSimulator.Build.0 = Release|Any CPU
		{FED508F4-A4D3-4FAB-9633-D26D7971BB95}.Release|x64.ActiveCfg = Release|Any CPU
		{FED508F4-A4D3-4FAB-9633-D26D7971BB95}.Release|x64.Build.0 = Release|Any CPU
		{FED508F4-A4D3-4FAB-9633-D26D7971BB95}.Release|x86.ActiveCfg = Release|Any CPU
		{FED508F4-A4D3-4FAB-9633-D26D7971BB95}.Release|x86.Build.0 = Release|Any CPU
		{884E7862-CFFC-42EA-B5A9-385D4B56440D}.Ad-Hoc|Any CPU.ActiveCfg = Debug|Any CPU
		{884E7862-CFFC-42EA-B5A9-385D4B56440D}.Ad-Hoc|Any CPU.Build.0 = Debug|Any CPU
		{884E7862-CFFC-42EA-B5A9-385D4B56440D}.Ad-Hoc|ARM.ActiveCfg = Debug|Any CPU
		{884E7862-CFFC-42EA-B5A9-385D4B56440D}.Ad-Hoc|ARM.Build.0 = Debug|Any CPU
		{884E7862-CFFC-42EA-B5A9-385D4B56440D}.Ad-Hoc|ARM64.ActiveCfg = Debug|Any CPU
		{884E7862-CFFC-42EA-B5A9-385D4B56440D}.Ad-Hoc|ARM64.Build.0 = Debug|Any CPU
		{884E7862-CFFC-42EA-B5A9-385D4B56440D}.Ad-Hoc|iPhone.ActiveCfg = Debug|Any CPU
		{884E7862-CFFC-42EA-B5A9-385D4B56440D}.Ad-Hoc|iPhone.Build.0 = Debug|Any CPU
		{884E7862-CFFC-42EA-B5A9-385D4B56440D}.Ad-Hoc|iPhoneSimulator.ActiveCfg = Debug|Any CPU
		{884E7862-CFFC-42EA-B5A9-385D4B56440D}.Ad-Hoc|iPhoneSimulator.Build.0 = Debug|Any CPU
		{884E7862-CFFC-42EA-B5A9-385D4B56440D}.Ad-Hoc|x64.ActiveCfg = Debug|Any CPU
		{884E7862-CFFC-42EA-B5A9-385D4B56440D}.Ad-Hoc|x64.Build.0 = Debug|Any CPU
		{884E7862-CFFC-42EA-B5A9-385D4B56440D}.Ad-Hoc|x86.ActiveCfg = Debug|Any CPU
		{884E7862-CFFC-42EA-B5A9-385D4B56440D}.Ad-Hoc|x86.Build.0 = Debug|Any CPU
		{884E7862-CFFC-42EA-B5A9-385D4B56440D}.AppStore|Any CPU.ActiveCfg = Debug|Any CPU
		{884E7862-CFFC-42EA-B5A9-385D4B56440D}.AppStore|Any CPU.Build.0 = Debug|Any CPU
		{884E7862-CFFC-42EA-B5A9-385D4B56440D}.AppStore|ARM.ActiveCfg = Debug|Any CPU
		{884E7862-CFFC-42EA-B5A9-385D4B56440D}.AppStore|ARM.Build.0 = Debug|Any CPU
		{884E7862-CFFC-42EA-B5A9-385D4B56440D}.AppStore|ARM64.ActiveCfg = Debug|Any CPU
		{884E7862-CFFC-42EA-B5A9-385D4B56440D}.AppStore|ARM64.Build.0 = Debug|Any CPU
		{884E7862-CFFC-42EA-B5A9-385D4B56440D}.AppStore|iPhone.ActiveCfg = Debug|Any CPU
		{884E7862-CFFC-42EA-B5A9-385D4B56440D}.AppStore|iPhone.Build.0 = Debug|Any CPU
		{884E7862-CFFC-42EA-B5A9-385D4B56440D}.AppStore|iPhoneSimulator.ActiveCfg = Debug|Any CPU
		{884E7862-CFFC-42EA-B5A9-385D4B56440D}.AppStore|iPhoneSimulator.Build.0 = Debug|Any CPU
		{884E7862-CFFC-42EA-B5A9-385D4B56440D}.AppStore|x64.ActiveCfg = Debug|Any CPU
		{884E7862-CFFC-42EA-B5A9-385D4B56440D}.AppStore|x64.Build.0 = Debug|Any CPU
		{884E7862-CFFC-42EA-B5A9-385D4B56440D}.AppStore|x86.ActiveCfg = Debug|Any CPU
		{884E7862-CFFC-42EA-B5A9-385D4B56440D}.AppStore|x86.Build.0 = Debug|Any CPU
		{884E7862-CFFC-42EA-B5A9-385D4B56440D}.Debug|Any CPU.ActiveCfg = Debug|Any CPU
		{884E7862-CFFC-42EA-B5A9-385D4B56440D}.Debug|Any CPU.Build.0 = Debug|Any CPU
		{884E7862-CFFC-42EA-B5A9-385D4B56440D}.Debug|ARM.ActiveCfg = Debug|Any CPU
		{884E7862-CFFC-42EA-B5A9-385D4B56440D}.Debug|ARM.Build.0 = Debug|Any CPU
		{884E7862-CFFC-42EA-B5A9-385D4B56440D}.Debug|ARM64.ActiveCfg = Debug|Any CPU
		{884E7862-CFFC-42EA-B5A9-385D4B56440D}.Debug|ARM64.Build.0 = Debug|Any CPU
		{884E7862-CFFC-42EA-B5A9-385D4B56440D}.Debug|iPhone.ActiveCfg = Debug|Any CPU
		{884E7862-CFFC-42EA-B5A9-385D4B56440D}.Debug|iPhone.Build.0 = Debug|Any CPU
		{884E7862-CFFC-42EA-B5A9-385D4B56440D}.Debug|iPhoneSimulator.ActiveCfg = Debug|Any CPU
		{884E7862-CFFC-42EA-B5A9-385D4B56440D}.Debug|iPhoneSimulator.Build.0 = Debug|Any CPU
		{884E7862-CFFC-42EA-B5A9-385D4B56440D}.Debug|x64.ActiveCfg = Debug|Any CPU
		{884E7862-CFFC-42EA-B5A9-385D4B56440D}.Debug|x64.Build.0 = Debug|Any CPU
		{884E7862-CFFC-42EA-B5A9-385D4B56440D}.Debug|x86.ActiveCfg = Debug|Any CPU
		{884E7862-CFFC-42EA-B5A9-385D4B56440D}.Debug|x86.Build.0 = Debug|Any CPU
		{884E7862-CFFC-42EA-B5A9-385D4B56440D}.Release|Any CPU.ActiveCfg = Release|Any CPU
		{884E7862-CFFC-42EA-B5A9-385D4B56440D}.Release|Any CPU.Build.0 = Release|Any CPU
		{884E7862-CFFC-42EA-B5A9-385D4B56440D}.Release|ARM.ActiveCfg = Release|Any CPU
		{884E7862-CFFC-42EA-B5A9-385D4B56440D}.Release|ARM.Build.0 = Release|Any CPU
		{884E7862-CFFC-42EA-B5A9-385D4B56440D}.Release|ARM64.ActiveCfg = Release|Any CPU
		{884E7862-CFFC-42EA-B5A9-385D4B56440D}.Release|ARM64.Build.0 = Release|Any CPU
		{884E7862-CFFC-42EA-B5A9-385D4B56440D}.Release|iPhone.ActiveCfg = Release|Any CPU
		{884E7862-CFFC-42EA-B5A9-385D4B56440D}.Release|iPhone.Build.0 = Release|Any CPU
		{884E7862-CFFC-42EA-B5A9-385D4B56440D}.Release|iPhoneSimulator.ActiveCfg = Release|Any CPU
		{884E7862-CFFC-42EA-B5A9-385D4B56440D}.Release|iPhoneSimulator.Build.0 = Release|Any CPU
		{884E7862-CFFC-42EA-B5A9-385D4B56440D}.Release|x64.ActiveCfg = Release|Any CPU
		{884E7862-CFFC-42EA-B5A9-385D4B56440D}.Release|x64.Build.0 = Release|Any CPU
		{884E7862-CFFC-42EA-B5A9-385D4B56440D}.Release|x86.ActiveCfg = Release|Any CPU
		{884E7862-CFFC-42EA-B5A9-385D4B56440D}.Release|x86.Build.0 = Release|Any CPU
	EndGlobalSection
	GlobalSection(SolutionProperties) = preSolution
		HideSolutionNode = FALSE
	EndGlobalSection
	GlobalSection(NestedProjects) = preSolution
		{5C401AA1-C9DD-41BA-BD8C-1F35BE495953} = {8BF53884-5FA2-472E-A039-E640B05F1A32}
		{54CC8D46-F2E0-4F86-B039-AED13E31C14C} = {8BF53884-5FA2-472E-A039-E640B05F1A32}
		{FF625FF0-F298-410F-B8FE-55E9A9195E81} = {8BF53884-5FA2-472E-A039-E640B05F1A32}
		{18C7395C-CFBD-4377-813B-B29CEFA2E77A} = {8BF53884-5FA2-472E-A039-E640B05F1A32}
		{67B0F466-DE87-427E-AA72-E7961B50E6C6} = {8BF53884-5FA2-472E-A039-E640B05F1A32}
		{7F2BEBF4-E53F-4523-9E95-7CDCCC7BBFAA} = {8BF53884-5FA2-472E-A039-E640B05F1A32}
		{E0471B18-04CC-484D-A94C-0E111843DDB8} = {8BF53884-5FA2-472E-A039-E640B05F1A32}
		{FED508F4-A4D3-4FAB-9633-D26D7971BB95} = {8BF53884-5FA2-472E-A039-E640B05F1A32}
		{884E7862-CFFC-42EA-B5A9-385D4B56440D} = {8BF53884-5FA2-472E-A039-E640B05F1A32}
	EndGlobalSection
	GlobalSection(ExtensibilityGlobals) = postSolution
		SolutionGuid = {2D701DAF-2F02-4FC4-A3DD-030502EF1DBD}
	EndGlobalSection
EndGlobal
